
Microsoft Visual Studio Solution File, Format Version 12.00
# Visual Studio 15
VisualStudioVersion = 15.0.26430.15
MinimumVisualStudioVersion = 10.0.40219.1
Project("{8BC9CEB8-8B4A-11D0-8D11-00A0C91BC942}") = "InSight", "minifile\minifile.vcxproj", "{A08B255A-E7DE-4475-9013-A8CF6C7B8DF6}"
EndProject
Project("{2150E333-8FDC-42A3-9474-1A3956D46DE8}") = "Parsers", "Parsers", "{D81CADB6-4E78-4BC5-A2AF-D94253F3479B}"
EndProject
Project("{2150E333-8FDC-42A3-9474-1A3956D46DE8}") = "Analysers", "Analysers", "{CE0DF664-ADF2-4FCE-B79C-94C1550C4A53}"
EndProject
Project("{8BC9CEB8-8B4A-11D0-8D11-00A0C91BC942}") = "Pe", "Parsers\Pe\Pe.vcxproj", "{E05FC609-B395-4857-991A-104325ACA663}"
EndProject
Project("{8BC9CEB8-8B4A-11D0-8D11-00A0C91BC942}") = "Dex", "Parsers\Dex\Dex.vcxproj", "{FC68A49C-1889-4E26-9569-44E56BAA292B}"
EndProject
Project("{8BC9CEB8-8B4A-11D0-8D11-00A0C91BC942}") = "MachO", "Parsers\MachO\MachO.vcxproj", "{E4F8492E-6AF3-460A-A9AA-6162244DC4DE}"
EndProject
Global
	GlobalSection(SolutionConfigurationPlatforms) = preSolution
		Debug|x64 = Debug|x64
		Debug|x86 = Debug|x86
		MinSizeRel|x64 = MinSizeRel|x64
		MinSizeRel|x86 = MinSizeRel|x86
		Release|x64 = Release|x64
		Release|x86 = Release|x86
		RelWithDebInfo|x64 = RelWithDebInfo|x64
		RelWithDebInfo|x86 = RelWithDebInfo|x86
	EndGlobalSection
	GlobalSection(ProjectConfigurationPlatforms) = postSolution
		{A08B255A-E7DE-4475-9013-A8CF6C7B8DF6}.Debug|x64.ActiveCfg = Debug|x64
		{A08B255A-E7DE-4475-9013-A8CF6C7B8DF6}.Debug|x64.Build.0 = Debug|x64
		{A08B255A-E7DE-4475-9013-A8CF6C7B8DF6}.Debug|x86.ActiveCfg = Debug|Win32
		{A08B255A-E7DE-4475-9013-A8CF6C7B8DF6}.Debug|x86.Build.0 = Debug|Win32
		{A08B255A-E7DE-4475-9013-A8CF6C7B8DF6}.MinSizeRel|x64.ActiveCfg = Release|x64
		{A08B255A-E7DE-4475-9013-A8CF6C7B8DF6}.MinSizeRel|x64.Build.0 = Release|x64
		{A08B255A-E7DE-4475-9013-A8CF6C7B8DF6}.MinSizeRel|x86.ActiveCfg = Release|Win32
		{A08B255A-E7DE-4475-9013-A8CF6C7B8DF6}.MinSizeRel|x86.Build.0 = Release|Win32
		{A08B255A-E7DE-4475-9013-A8CF6C7B8DF6}.Release|x64.ActiveCfg = Release|x64
		{A08B255A-E7DE-4475-9013-A8CF6C7B8DF6}.Release|x64.Build.0 = Release|x64
		{A08B255A-E7DE-4475-9013-A8CF6C7B8DF6}.Release|x86.ActiveCfg = Release|Win32
		{A08B255A-E7DE-4475-9013-A8CF6C7B8DF6}.Release|x86.Build.0 = Release|Win32
		{A08B255A-E7DE-4475-9013-A8CF6C7B8DF6}.RelWithDebInfo|x64.ActiveCfg = Release|x64
		{A08B255A-E7DE-4475-9013-A8CF6C7B8DF6}.RelWithDebInfo|x64.Build.0 = Release|x64
		{A08B255A-E7DE-4475-9013-A8CF6C7B8DF6}.RelWithDebInfo|x86.ActiveCfg = Release|Win32
		{A08B255A-E7DE-4475-9013-A8CF6C7B8DF6}.RelWithDebInfo|x86.Build.0 = Release|Win32
		{E05FC609-B395-4857-991A-104325ACA663}.Debug|x64.ActiveCfg = Debug|x64
		{E05FC609-B395-4857-991A-104325ACA663}.Debug|x64.Build.0 = Debug|x64
		{E05FC609-B395-4857-991A-104325ACA663}.Debug|x86.ActiveCfg = Debug|Win32
		{E05FC609-B395-4857-991A-104325ACA663}.Debug|x86.Build.0 = Debug|Win32
		{E05FC609-B395-4857-991A-104325ACA663}.MinSizeRel|x64.ActiveCfg = Release|x64
		{E05FC609-B395-4857-991A-104325ACA663}.MinSizeRel|x64.Build.0 = Release|x64
		{E05FC609-B395-4857-991A-104325ACA663}.MinSizeRel|x86.ActiveCfg = Release|Win32
		{E05FC609-B395-4857-991A-104325ACA663}.MinSizeRel|x86.Build.0 = Release|Win32
		{E05FC609-B395-4857-991A-104325ACA663}.Release|x64.ActiveCfg = Release|x64
		{E05FC609-B395-4857-991A-104325ACA663}.Release|x64.Build.0 = Release|x64
		{E05FC609-B395-4857-991A-104325ACA663}.Release|x86.ActiveCfg = Release|Win32
		{E05FC609-B395-4857-991A-104325ACA663}.Release|x86.Build.0 = Release|Win32
		{E05FC609-B395-4857-991A-104325ACA663}.RelWithDebInfo|x64.ActiveCfg = Release|x64
		{E05FC609-B395-4857-991A-104325ACA663}.RelWithDebInfo|x64.Build.0 = Release|x64
		{E05FC609-B395-4857-991A-104325ACA663}.RelWithDebInfo|x86.ActiveCfg = Release|Win32
		{E05FC609-B395-4857-991A-104325ACA663}.RelWithDebInfo|x86.Build.0 = Release|Win32
		{FC68A49C-1889-4E26-9569-44E56BAA292B}.Debug|x64.ActiveCfg = Debug|x64
		{FC68A49C-1889-4E26-9569-44E56BAA292B}.Debug|x64.Build.0 = Debug|x64
		{FC68A49C-1889-4E26-9569-44E56BAA292B}.Debug|x86.ActiveCfg = Debug|Win32
		{FC68A49C-1889-4E26-9569-44E56BAA292B}.Debug|x86.Build.0 = Debug|Win32
		{FC68A49C-1889-4E26-9569-44E56BAA292B}.MinSizeRel|x64.ActiveCfg = Release|x64
		{FC68A49C-1889-4E26-9569-44E56BAA292B}.MinSizeRel|x64.Build.0 = Release|x64
		{FC68A49C-1889-4E26-9569-44E56BAA292B}.MinSizeRel|x86.ActiveCfg = Release|Win32
		{FC68A49C-1889-4E26-9569-44E56BAA292B}.MinSizeRel|x86.Build.0 = Release|Win32
		{FC68A49C-1889-4E26-9569-44E56BAA292B}.Release|x64.ActiveCfg = Release|x64
		{FC68A49C-1889-4E26-9569-44E56BAA292B}.Release|x64.Build.0 = Release|x64
		{FC68A49C-1889-4E26-9569-44E56BAA292B}.Release|x86.ActiveCfg = Release|Win32
		{FC68A49C-1889-4E26-9569-44E56BAA292B}.Release|x86.Build.0 = Release|Win32
		{FC68A49C-1889-4E26-9569-44E56BAA292B}.RelWithDebInfo|x64.ActiveCfg = Release|x64
		{FC68A49C-1889-4E26-9569-44E56BAA292B}.RelWithDebInfo|x64.Build.0 = Release|x64
		{FC68A49C-1889-4E26-9569-44E56BAA292B}.RelWithDebInfo|x86.ActiveCfg = Release|Win32
		{FC68A49C-1889-4E26-9569-44E56BAA292B}.RelWithDebInfo|x86.Build.0 = Release|Win32
		{E4F8492E-6AF3-460A-A9AA-6162244DC4DE}.Debug|x64.ActiveCfg = Debug|x64
		{E4F8492E-6AF3-460A-A9AA-6162244DC4DE}.Debug|x64.Build.0 = Debug|x64
		{E4F8492E-6AF3-460A-A9AA-6162244DC4DE}.Debug|x86.ActiveCfg = Debug|Win32
		{E4F8492E-6AF3-460A-A9AA-6162244DC4DE}.Debug|x86.Build.0 = Debug|Win32
		{E4F8492E-6AF3-460A-A9AA-6162244DC4DE}.MinSizeRel|x64.ActiveCfg = Release|x64
		{E4F8492E-6AF3-460A-A9AA-6162244DC4DE}.MinSizeRel|x64.Build.0 = Release|x64
		{E4F8492E-6AF3-460A-A9AA-6162244DC4DE}.MinSizeRel|x86.ActiveCfg = Release|Win32
		{E4F8492E-6AF3-460A-A9AA-6162244DC4DE}.MinSizeRel|x86.Build.0 = Release|Win32
		{E4F8492E-6AF3-460A-A9AA-6162244DC4DE}.Release|x64.ActiveCfg = Release|x64
		{E4F8492E-6AF3-460A-A9AA-6162244DC4DE}.Release|x64.Build.0 = Release|x64
		{E4F8492E-6AF3-460A-A9AA-6162244DC4DE}.Release|x86.ActiveCfg = Release|Win32
		{E4F8492E-6AF3-460A-A9AA-6162244DC4DE}.Release|x86.Build.0 = Release|Win32
		{E4F8492E-6AF3-460A-A9AA-6162244DC4DE}.RelWithDebInfo|x64.ActiveCfg = Release|x64
		{E4F8492E-6AF3-460A-A9AA-6162244DC4DE}.RelWithDebInfo|x64.Build.0 = Release|x64
		{E4F8492E-6AF3-460A-A9AA-6162244DC4DE}.RelWithDebInfo|x86.ActiveCfg = Release|Win32
		{E4F8492E-6AF3-460A-A9AA-6162244DC4DE}.RelWithDebInfo|x86.Build.0 = Release|Win32
	EndGlobalSection
	GlobalSection(SolutionProperties) = preSolution
		HideSolutionNode = FALSE
	EndGlobalSection
	GlobalSection(NestedProjects) = preSolution
		{E05FC609-B395-4857-991A-104325ACA663} = {D81CADB6-4E78-4BC5-A2AF-D94253F3479B}
		{FC68A49C-1889-4E26-9569-44E56BAA292B} = {D81CADB6-4E78-4BC5-A2AF-D94253F3479B}
		{E4F8492E-6AF3-460A-A9AA-6162244DC4DE} = {D81CADB6-4E78-4BC5-A2AF-D94253F3479B}
	EndGlobalSection
EndGlobal
