<?xml version="1.0" encoding="UTF-8"?>
<Project ToolsVersion="15.0" xmlns="http://schemas.microsoft.com/developer/msbuild/2003">
  <ItemGroup>
    <ClCompile Include="C:\Users\jayco\Downloads\Manalyze-master\external\yara\yara_wrapper.cpp">
      <Filter>Source Files</Filter>
    </ClCompile>
    <ClCompile Include="C:\Users\jayco\Downloads\Manalyze-master\external\yara\yara_errors.cpp">
      <Filter>Source Files</Filter>
    </ClCompile>
    <ClCompile Include="C:\Users\jayco\Downloads\Manalyze-master\external\yara\ahocorasick.c">
      <Filter>Source Files</Filter>
    </ClCompile>
    <ClCompile Include="C:\Users\jayco\Downloads\Manalyze-master\external\yara\arena.c">
      <Filter>Source Files</Filter>
    </ClCompile>
    <ClCompile Include="C:\Users\jayco\Downloads\Manalyze-master\external\yara\atoms.c">
      <Filter>Source Files</Filter>
    </ClCompile>
    <ClCompile Include="C:\Users\jayco\Downloads\Manalyze-master\external\yara\compiler.c">
      <Filter>Source Files</Filter>
    </ClCompile>
    <ClCompile Include="C:\Users\jayco\Downloads\Manalyze-master\external\yara\exec.c">
      <Filter>Source Files</Filter>
    </ClCompile>
    <ClCompile Include="C:\Users\jayco\Downloads\Manalyze-master\external\yara\exefiles.c">
      <Filter>Source Files</Filter>
    </ClCompile>
    <ClCompile Include="C:\Users\jayco\Downloads\Manalyze-master\external\yara\filemap.c">
      <Filter>Source Files</Filter>
    </ClCompile>
    <ClCompile Include="C:\Users\jayco\Downloads\Manalyze-master\external\yara\grammar.c">
      <Filter>Source Files</Filter>
    </ClCompile>
    <ClCompile Include="C:\Users\jayco\Downloads\Manalyze-master\external\yara\hash.c">
      <Filter>Source Files</Filter>
    </ClCompile>
    <ClCompile Include="C:\Users\jayco\Downloads\Manalyze-master\external\yara\hex_grammar.c">
      <Filter>Source Files</Filter>
    </ClCompile>
    <ClCompile Include="C:\Users\jayco\Downloads\Manalyze-master\external\yara\hex_lexer.c">
      <Filter>Source Files</Filter>
    </ClCompile>
    <ClCompile Include="C:\Users\jayco\Downloads\Manalyze-master\external\yara\lexer.c">
      <Filter>Source Files</Filter>
    </ClCompile>
    <ClCompile Include="C:\Users\jayco\Downloads\Manalyze-master\external\yara\libyara.c">
      <Filter>Source Files</Filter>
    </ClCompile>
    <ClCompile Include="C:\Users\jayco\Downloads\Manalyze-master\external\yara\mem.c">
      <Filter>Source Files</Filter>
    </ClCompile>
    <ClCompile Include="C:\Users\jayco\Downloads\Manalyze-master\external\yara\modules.c">
      <Filter>Source Files</Filter>
    </ClCompile>
    <ClCompile Include="C:\Users\jayco\Downloads\Manalyze-master\external\yara\object.c">
      <Filter>Source Files</Filter>
    </ClCompile>
    <ClCompile Include="C:\Users\jayco\Downloads\Manalyze-master\external\yara\parser.c">
      <Filter>Source Files</Filter>
    </ClCompile>
    <ClCompile Include="C:\Users\jayco\Downloads\Manalyze-master\external\yara\proc.c">
      <Filter>Source Files</Filter>
    </ClCompile>
    <ClCompile Include="C:\Users\jayco\Downloads\Manalyze-master\external\yara\re.c">
      <Filter>Source Files</Filter>
    </ClCompile>
    <ClCompile Include="C:\Users\jayco\Downloads\Manalyze-master\external\yara\re_grammar.c">
      <Filter>Source Files</Filter>
    </ClCompile>
    <ClCompile Include="C:\Users\jayco\Downloads\Manalyze-master\external\yara\re_lexer.c">
      <Filter>Source Files</Filter>
    </ClCompile>
    <ClCompile Include="C:\Users\jayco\Downloads\Manalyze-master\external\yara\rules.c">
      <Filter>Source Files</Filter>
    </ClCompile>
    <ClCompile Include="C:\Users\jayco\Downloads\Manalyze-master\external\yara\scan.c">
      <Filter>Source Files</Filter>
    </ClCompile>
    <ClCompile Include="C:\Users\jayco\Downloads\Manalyze-master\external\yara\sizedstr.c">
      <Filter>Source Files</Filter>
    </ClCompile>
    <ClCompile Include="C:\Users\jayco\Downloads\Manalyze-master\external\yara\stream.c">
      <Filter>Source Files</Filter>
    </ClCompile>
    <ClCompile Include="C:\Users\jayco\Downloads\Manalyze-master\external\yara\strutils.c">
      <Filter>Source Files</Filter>
    </ClCompile>
    <ClCompile Include="C:\Users\jayco\Downloads\Manalyze-master\external\yara\threading.c">
      <Filter>Source Files</Filter>
    </ClCompile>
    <ClCompile Include="C:\Users\jayco\Downloads\Manalyze-master\external\yara\endian.c">
      <Filter>Source Files</Filter>
    </ClCompile>
    <ClCompile Include="C:\Users\jayco\Downloads\Manalyze-master\external\yara\modules\manape.c">
      <Filter>Source Files</Filter>
    </ClCompile>
  </ItemGroup>
  <ItemGroup>
    <CustomBuild Include="C:\Users\jayco\Downloads\Manalyze-master\external\yara\CMakeLists.txt" />
  </ItemGroup>
  <ItemGroup>
    <Filter Include="Source Files">
      <UniqueIdentifier>{565D6316-0961-3C1D-8B69-1092558A6AA5}</UniqueIdentifier>
    </Filter>
  </ItemGroup>
</Project>
